
Microsoft Visual Studio Solution File, Format Version 12.00
# Visual Studio Version 17
VisualStudioVersion = 17.7.34031.279
MinimumVisualStudioVersion = 10.0.40219.1
Project("{FAE04EC0-301F-11D3-BF4B-00C04F79EFBC}") = "20t1020242", "20t1020242.csproj", "{AFA24468-14AB-45AF-8E5B-B2D9C03B1E13}"
EndProject
Global
	GlobalSection(SolutionConfigurationPlatforms) = preSolution
		Debug|Any CPU = Debug|Any CPU
		Release|Any CPU = Release|Any CPU
	EndGlobalSection
	GlobalSection(ProjectConfigurationPlatforms) = postSolution
		{AFA24468-14AB-45AF-8E5B-B2D9C03B1E13}.Debug|Any CPU.ActiveCfg = Debug|Any CPU
		{AFA24468-14AB-45AF-8E5B-B2D9C03B1E13}.Debug|Any CPU.Build.0 = Debug|Any CPU
		{AFA24468-14AB-45AF-8E5B-B2D9C03B1E13}.Release|Any CPU.ActiveCfg = Release|Any CPU
		{AFA24468-14AB-45AF-8E5B-B2D9C03B1E13}.Release|Any CPU.Build.0 = Release|Any CPU
	EndGlobalSection
	GlobalSection(SolutionProperties) = preSolution
		HideSolutionNode = FALSE
	EndGlobalSection
	GlobalSection(ExtensibilityGlobals) = postSolution
		SolutionGuid = {AE271019-E2A6-4790-A71D-8D920B951833}
	EndGlobalSection
EndGlobal
